<?xml version="1.0" encoding="utf-8"?>
<Project ToolsVersion="4.0" xmlns="http://schemas.microsoft.com/developer/msbuild/2003">
  <ItemGroup>
    <Filter Include="Source Files">
      <UniqueIdentifier>{4FC737F1-C7A5-4376-A066-2A32D752A2FF}</UniqueIdentifier>
      <Extensions>cpp;c;cc;cxx;def;odl;idl;hpj;bat;asm;asmx</Extensions>
    </Filter>
    <Filter Include="Header Files">
      <UniqueIdentifier>{93995380-89BD-4b04-88EB-625FBE52EBFB}</UniqueIdentifier>
      <Extensions>h;hh;hpp;hxx;hm;inl;inc;xsd</Extensions>
    </Filter>
    <Filter Include="Resource Files">
      <UniqueIdentifier>{67DA6AB6-F800-4c08-8B7A-83BB121AAD01}</UniqueIdentifier>
      <Extensions>rc;ico;cur;bmp;dlg;rc2;rct;bin;rgs;gif;jpg;jpeg;jpe;resx;tiff;tif;png;wav;mfcribbon-ms</Extensions>
    </Filter>
  </ItemGroup>
  <ItemGroup>
    <ClInclude Include="stdafx.h">
      <Filter>Header Files</Filter>
    </ClInclude>
    <ClInclude Include="targetver.h">
      <Filter>Header Files</Filter>
    </ClInclude>
    <ClInclude Include="framework.h">
      <Filter>Header Files</Filter>
    </ClInclude>
    <ClInclude Include="memorymanager.h">
      <Filter>Header Files</Filter>
    </ClInclude>
    <ClInclude Include="MemoryPool.h">
      <Filter>Header Files</Filter>
    </ClInclude>
    <ClInclude Include="scriptingConstCondProc.h">
      <Filter>Header Files</Filter>
    </ClInclude>
    <ClInclude Include="scriptingDebugger.h">
      <Filter>Header Files</Filter>
    </ClInclude>
    <ClInclude Include="scriptingDomainProc.h">
      <Filter>Header Files</Filter>
    </ClInclude>
    <ClInclude Include="scriptingEvaluator.h">
      <Filter>Header Files</Filter>
    </ClInclude>
    <ClInclude Include="scriptingFuzzyEval.h">
      <Filter>Header Files</Filter>
    </ClInclude>
    <ClInclude Include="scriptingIfProc.h">
      <Filter>Header Files</Filter>
    </ClInclude>
    <ClInclude Include="scriptingModel.h">
      <Filter>Header Files</Filter>
    </ClInclude>
    <ClInclude Include="scriptingNodes.h">
      <Filter>Header Files</Filter>
    </ClInclude>
    <ClInclude Include="scriptingParser.h">
      <Filter>Header Files</Filter>
    </ClInclude>
    <ClInclude Include="scriptingScenarios.h">
      <Filter>Header Files</Filter>
    </ClInclude>
    <ClInclude Include="scriptingVarIndexer.h">
      <Filter>Header Files</Filter>
    </ClInclude>
    <ClInclude Include="scriptingVisitor.h">
      <Filter>Header Files</Filter>
    </ClInclude>
    <ClInclude Include="xlcall.h">
      <Filter>Header Files</Filter>
    </ClInclude>
    <ClInclude Include="functDomain.h">
      <Filter>Header Files</Filter>
    </ClInclude>
    <ClInclude Include="quickStack.h">
      <Filter>Header Files</Filter>
    </ClInclude>
    <ClInclude Include="xlOper12.h">
      <Filter>Header Files</Filter>
    </ClInclude>
    <ClInclude Include="cpp11basicRanGen.h">
      <Filter>Header Files</Filter>
    </ClInclude>
    <ClInclude Include="scriptingCompiler.h">
      <Filter>Header Files</Filter>
    </ClInclude>
    <ClInclude Include="scriptingConstProcessor.h">
      <Filter>Header Files</Filter>
    </ClInclude>
    <ClInclude Include="scriptingProduct.h">
      <Filter>Header Files</Filter>
    </ClInclude>
  </ItemGroup>
  <ItemGroup>
    <ClCompile Include="stdafx.cpp">
      <Filter>Source Files</Filter>
    </ClCompile>
    <ClCompile Include="xlScripting.cpp">
      <Filter>Source Files</Filter>
    </ClCompile>
    <ClCompile Include="dllmain.cpp">
      <Filter>Source Files</Filter>
    </ClCompile>
    <ClCompile Include="MemoryManager.cpp">
      <Filter>Source Files</Filter>
    </ClCompile>
    <ClCompile Include="MemoryPool.cpp">
      <Filter>Source Files</Filter>
    </ClCompile>
    <ClCompile Include="scriptingNodes.cpp">
      <Filter>Source Files</Filter>
    </ClCompile>
    <ClCompile Include="scriptingParser.cpp">
      <Filter>Source Files</Filter>
    </ClCompile>
    <ClCompile Include="xlcall.cpp">
      <Filter>Source Files</Filter>
    </ClCompile>
    <ClCompile Include="xlExport.cpp">
      <Filter>Source Files</Filter>
    </ClCompile>
    <ClCompile Include="functDomain.cpp">
      <Filter>Source Files</Filter>
    </ClCompile>
    <ClCompile Include="xlOper12.cpp">
      <Filter>Source Files</Filter>
    </ClCompile>
  </ItemGroup>
</Project>